// !$*UTF8*$!
{
	archiveVersion = 1;
	classes = {
	};
	objectVersion = 50;
	objects = {

/* Begin PBXBuildFile section */
		E8ACA3CC24CDE70A00F1B11D /* AppDelegate.swift in Sources */ = {isa = PBXBuildFile; fileRef = E8ACA3CB24CDE70A00F1B11D /* AppDelegate.swift */; };
		E8ACA3CE24CDE70A00F1B11D /* SceneDelegate.swift in Sources */ = {isa = PBXBuildFile; fileRef = E8ACA3CD24CDE70A00F1B11D /* SceneDelegate.swift */; };
		E8ACA3D024CDE70A00F1B11D /* ViewController.swift in Sources */ = {isa = PBXBuildFile; fileRef = E8ACA3CF24CDE70A00F1B11D /* ViewController.swift */; };
		E8ACA3D324CDE70A00F1B11D /* Main.storyboard in Resources */ = {isa = PBXBuildFile; fileRef = E8ACA3D124CDE70A00F1B11D /* Main.storyboard */; };
		E8ACA3D524CDE70C00F1B11D /* Assets.xcassets in Resources */ = {isa = PBXBuildFile; fileRef = E8ACA3D424CDE70C00F1B11D /* Assets.xcassets */; };
		E8ACA3D824CDE70C00F1B11D /* LaunchScreen.storyboard in Resources */ = {isa = PBXBuildFile; fileRef = E8ACA3D624CDE70C00F1B11D /* LaunchScreen.storyboard */; };
		E8ACA3E024CDEC1B00F1B11D /* CustomerViewController.swift in Sources */ = {isa = PBXBuildFile; fileRef = E8ACA3DF24CDEC1B00F1B11D /* CustomerViewController.swift */; };
		E8ACA3E224CDEC3B00F1B11D /* DetailsViewController.swift in Sources */ = {isa = PBXBuildFile; fileRef = E8ACA3E124CDEC3B00F1B11D /* DetailsViewController.swift */; };
/* End PBXBuildFile section */

/* Begin PBXFileReference section */
		E8ACA3C824CDE70A00F1B11D /* Patricia-Lavadia_COMP2125-004_Final-Term.app */ = {isa = PBXFileReference; explicitFileType = wrapper.application; includeInIndex = 0; path = "Patricia-Lavadia_COMP2125-004_Final-Term.app"; sourceTree = BUILT_PRODUCTS_DIR; };
		E8ACA3CB24CDE70A00F1B11D /* AppDelegate.swift */ = {isa = PBXFileReference; lastKnownFileType = sourcecode.swift; path = AppDelegate.swift; sourceTree = "<group>"; };
		E8ACA3CD24CDE70A00F1B11D /* SceneDelegate.swift */ = {isa = PBXFileReference; lastKnownFileType = sourcecode.swift; path = SceneDelegate.swift; sourceTree = "<group>"; };
		E8ACA3CF24CDE70A00F1B11D /* ViewController.swift */ = {isa = PBXFileReference; lastKnownFileType = sourcecode.swift; path = ViewController.swift; sourceTree = "<group>"; };
		E8ACA3D224CDE70A00F1B11D /* Base */ = {isa = PBXFileReference; lastKnownFileType = file.storyboard; name = Base; path = Base.lproj/Main.storyboard; sourceTree = "<group>"; };
		E8ACA3D424CDE70C00F1B11D /* Assets.xcassets */ = {isa = PBXFileReference; lastKnownFileType = folder.assetcatalog; path = Assets.xcassets; sourceTree = "<group>"; };
		E8ACA3D724CDE70C00F1B11D /* Base */ = {isa = PBXFileReference; lastKnownFileType = file.storyboard; name = Base; path = Base.lproj/LaunchScreen.storyboard; sourceTree = "<group>"; };
		E8ACA3D924CDE70C00F1B11D /* Info.plist */ = {isa = PBXFileReference; lastKnownFileType = text.plist.xml; path = Info.plist; sourceTree = "<group>"; };
		E8ACA3DF24CDEC1B00F1B11D /* CustomerViewController.swift */ = {isa = PBXFileReference; lastKnownFileType = sourcecode.swift; path = CustomerViewController.swift; sourceTree = "<group>"; };
		E8ACA3E124CDEC3B00F1B11D /* DetailsViewController.swift */ = {isa = PBXFileReference; lastKnownFileType = sourcecode.swift; path = DetailsViewController.swift; sourceTree = "<group>"; };
/* End PBXFileReference section */

/* Begin PBXFrameworksBuildPhase section */
		E8ACA3C524CDE70A00F1B11D /* Frameworks */ = {
			isa = PBXFrameworksBuildPhase;
			buildActionMask = 2147483647;
			files = (
			);
			runOnlyForDeploymentPostprocessing = 0;
		};
/* End PBXFrameworksBuildPhase section */

/* Begin PBXGroup section */
		E8ACA3BF24CDE70A00F1B11D = {
			isa = PBXGroup;
			children = (
				E8ACA3CA24CDE70A00F1B11D /* Patricia-Lavadia_COMP2125-004_Final-Term */,
				E8ACA3C924CDE70A00F1B11D /* Products */,
			);
			sourceTree = "<group>";
		};
		E8ACA3C924CDE70A00F1B11D /* Products */ = {
			isa = PBXGroup;
			children = (
				E8ACA3C824CDE70A00F1B11D /* Patricia-Lavadia_COMP2125-004_Final-Term.app */,
			);
			name = Products;
			sourceTree = "<group>";
		};
		E8ACA3CA24CDE70A00F1B11D /* Patricia-Lavadia_COMP2125-004_Final-Term */ = {
			isa = PBXGroup;
			children = (
				E8ACA3CB24CDE70A00F1B11D /* AppDelegate.swift */,
				E8ACA3CD24CDE70A00F1B11D /* SceneDelegate.swift */,
				E8ACA3CF24CDE70A00F1B11D /* ViewController.swift */,
				E8ACA3D124CDE70A00F1B11D /* Main.storyboard */,
				E8ACA3E124CDEC3B00F1B11D /* DetailsViewController.swift */,
				E8ACA3DF24CDEC1B00F1B11D /* CustomerViewController.swift */,
				E8ACA3D424CDE70C00F1B11D /* Assets.xcassets */,
				E8ACA3D624CDE70C00F1B11D /* LaunchScreen.storyboard */,
				E8ACA3D924CDE70C00F1B11D /* Info.plist */,
			);
			path = "Patricia-Lavadia_COMP2125-004_Final-Term";
			sourceTree = "<group>";
		};
/* End PBXGroup section */

/* Begin PBXNativeTarget section */
		E8ACA3C724CDE70A00F1B11D /* Patricia-Lavadia_COMP2125-004_Final-Term */ = {
			isa = PBXNativeTarget;
			buildConfigurationList = E8ACA3DC24CDE70C00F1B11D /* Build configuration list for PBXNativeTarget "Patricia-Lavadia_COMP2125-004_Final-Term" */;
			buildPhases = (
				E8ACA3C424CDE70A00F1B11D /* Sources */,
				E8ACA3C524CDE70A00F1B11D /* Frameworks */,
				E8ACA3C624CDE70A00F1B11D /* Resources */,
			);
			buildRules = (
			);
			dependencies = (
			);
			name = "Patricia-Lavadia_COMP2125-004_Final-Term";
			productName = "Patricia-Lavadia_COMP2125-004_Final-Term";
			productReference = E8ACA3C824CDE70A00F1B11D /* Patricia-Lavadia_COMP2125-004_Final-Term.app */;
			productType = "com.apple.product-type.application";
		};
/* End PBXNativeTarget section */

/* Begin PBXProject section */
		E8ACA3C024CDE70A00F1B11D /* Project object */ = {
			isa = PBXProject;
			attributes = {
				LastSwiftUpdateCheck = 1130;
				LastUpgradeCheck = 1130;
				ORGANIZATIONNAME = "Patricia Anjelica Lavadia";
				TargetAttributes = {
					E8ACA3C724CDE70A00F1B11D = {
						CreatedOnToolsVersion = 11.3.1;
					};
				};
			};
			buildConfigurationList = E8ACA3C324CDE70A00F1B11D /* Build configuration list for PBXProject "Patricia-Lavadia_COMP2125-004_Final-Term" */;
			compatibilityVersion = "Xcode 9.3";
			developmentRegion = en;
			hasScannedForEncodings = 0;
			knownRegions = (
				en,
				Base,
			);
			mainGroup = E8ACA3BF24CDE70A00F1B11D;
			productRefGroup = E8ACA3C924CDE70A00F1B11D /* Products */;
			projectDirPath = "";
			projectRoot = "";
			targets = (
				E8ACA3C724CDE70A00F1B11D /* Patricia-Lavadia_COMP2125-004_Final-Term */,
			);
		};
/* End PBXProject section */

/* Begin PBXResourcesBuildPhase section */
		E8ACA3C624CDE70A00F1B11D /* Resources */ = {
			isa = PBXResourcesBuildPhase;
			buildActionMask = 2147483647;
			files = (
				E8ACA3D824CDE70C00F1B11D /* LaunchScreen.storyboard in Resources */,
				E8ACA3D524CDE70C00F1B11D /* Assets.xcassets in Resources */,
				E8ACA3D324CDE70A00F1B11D /* Main.storyboard in Resources */,
			);
			runOnlyForDeploymentPostprocessing = 0;
		};
/* End PBXResourcesBuildPhase section */

/* Begin PBXSourcesBuildPhase section */
		E8ACA3C424CDE70A00F1B11D /* Sources */ = {
			isa = PBXSourcesBuildPhase;
			buildActionMask = 2147483647;
			files = (
				E8ACA3E024CDEC1B00F1B11D /* CustomerViewController.swift in Sources */,
				E8ACA3D024CDE70A00F1B11D /* ViewController.swift in Sources */,
				E8ACA3CC24CDE70A00F1B11D /* AppDelegate.swift in Sources */,
				E8ACA3CE24CDE70A00F1B11D /* SceneDelegate.swift in Sources */,
				E8ACA3E224CDEC3B00F1B11D /* DetailsViewController.swift in Sources */,
			);
			runOnlyForDeploymentPostprocessing = 0;
		};
/* End PBXSourcesBuildPhase section */

/* Begin PBXVariantGroup section */
		E8ACA3D124CDE70A00F1B11D /* Main.storyboard */ = {
			isa = PBXVariantGroup;
			children = (
				E8ACA3D224CDE70A00F1B11D /* Base */,
			);
			name = Main.storyboard;
			sourceTree = "<group>";
		};
		E8ACA3D624CDE70C00F1B11D /* LaunchScreen.storyboard */ = {
			isa = PBXVariantGroup;
			children = (
				E8ACA3D724CDE70C00F1B11D /* Base */,
			);
			name = LaunchScreen.storyboard;
			sourceTree = "<group>";
		};
/* End PBXVariantGroup section */

/* Begin XCBuildConfiguration section */
		E8ACA3DA24CDE70C00F1B11D /* Debug */ = {
			isa = XCBuildConfiguration;
			buildSettings = {
				ALWAYS_SEARCH_USER_PATHS = NO;
				CLANG_ANALYZER_NONNULL = YES;
				CLANG_ANALYZER_NUMBER_OBJECT_CONVERSION = YES_AGGRESSIVE;
				CLANG_CXX_LANGUAGE_STANDARD = "gnu++14";
				CLANG_CXX_LIBRARY = "libc++";
				CLANG_ENABLE_MODULES = YES;
				CLANG_ENABLE_OBJC_ARC = YES;
				CLANG_ENABLE_OBJC_WEAK = YES;
				CLANG_WARN_BLOCK_CAPTURE_AUTORELEASING = YES;
				CLANG_WARN_BOOL_CONVERSION = YES;
				CLANG_WARN_COMMA = YES;
				CLANG_WARN_CONSTANT_CONVERSION = YES;
				CLANG_WARN_DEPRECATED_OBJC_IMPLEMENTATIONS = YES;
				CLANG_WARN_DIRECT_OBJC_ISA_USAGE = YES_ERROR;
				CLANG_WARN_DOCUMENTATION_COMMENTS = YES;
				CLANG_WARN_EMPTY_BODY = YES;
				CLANG_WARN_ENUM_CONVERSION = YES;
				CLANG_WARN_INFINITE_RECURSION = YES;
				CLANG_WARN_INT_CONVERSION = YES;
				CLANG_WARN_NON_LITERAL_NULL_CONVERSION = YES;
				CLANG_WARN_OBJC_IMPLICIT_RETAIN_SELF = YES;
				CLANG_WARN_OBJC_LITERAL_CONVERSION = YES;
				CLANG_WARN_OBJC_ROOT_CLASS = YES_ERROR;
				CLANG_WARN_RANGE_LOOP_ANALYSIS = YES;
				CLANG_WARN_STRICT_PROTOTYPES = YES;
				CLANG_WARN_SUSPICIOUS_MOVE = YES;
				CLANG_WARN_UNGUARDED_AVAILABILITY = YES_AGGRESSIVE;
				CLANG_WARN_UNREACHABLE_CODE = YES;
				CLANG_WARN__DUPLICATE_METHOD_MATCH = YES;
				COPY_PHASE_STRIP = NO;
				DEBUG_INFORMATION_FORMAT = dwarf;
				ENABLE_STRICT_OBJC_MSGSEND = YES;
				ENABLE_TESTABILITY = YES;
				GCC_C_LANGUAGE_STANDARD = gnu11;
				GCC_DYNAMIC_NO_PIC = NO;
				GCC_NO_COMMON_BLOCKS = YES;
				GCC_OPTIMIZATION_LEVEL = 0;
				GCC_PREPROCESSOR_DEFINITIONS = (
					"DEBUG=1",
					"$(inherited)",
				);
				GCC_WARN_64_TO_32_BIT_CONVERSION = YES;
				GCC_WARN_ABOUT_RETURN_TYPE = YES_ERROR;
				GCC_WARN_UNDECLARED_SELECTOR = YES;
				GCC_WARN_UNINITIALIZED_AUTOS = YES_AGGRESSIVE;
				GCC_WARN_UNUSED_FUNCTION = YES;
				GCC_WARN_UNUSED_VARIABLE = YES;
				IPHONEOS_DEPLOYMENT_TARGET = 13.2;
				MTL_ENABLE_DEBUG_INFO = INCLUDE_SOURCE;
				MTL_FAST_MATH = YES;
				ONLY_ACTIVE_ARCH = YES;
				SDKROOT = iphoneos;
				SWIFT_ACTIVE_COMPILATION_CONDITIONS = DEBUG;
				SWIFT_OPTIMIZATION_LEVEL = "-Onone";
			};
			name = Debug;
		};
		E8ACA3DB24CDE70C00F1B11D /* Release */ = {
			isa = XCBuildConfiguration;
			buildSettings = {
				ALWAYS_SEARCH_USER_PATHS = NO;
				CLANG_ANALYZER_NONNULL = YES;
				CLANG_ANALYZER_NUMBER_OBJECT_CONVERSION = YES_AGGRESSIVE;
				CLANG_CXX_LANGUAGE_STANDARD = "gnu++14";
				CLANG_CXX_LIBRARY = "libc++";
				CLANG_ENABLE_MODULES = YES;
				CLANG_ENABLE_OBJC_ARC = YES;
				CLANG_ENABLE_OBJC_WEAK = YES;
				CLANG_WARN_BLOCK_CAPTURE_AUTORELEASING = YES;
				CLANG_WARN_BOOL_CONVERSION = YES;
				CLANG_WARN_COMMA = YES;
				CLANG_WARN_CONSTANT_CONVERSION = YES;
				CLANG_WARN_DEPRECATED_OBJC_IMPLEMENTATIONS = YES;
				CLANG_WARN_DIRECT_OBJC_ISA_USAGE = YES_ERROR;
				CLANG_WARN_DOCUMENTATION_COMMENTS = YES;
				CLANG_WARN_EMPTY_BODY = YES;
				CLANG_WARN_ENUM_CONVERSION = YES;
				CLANG_WARN_INFINITE_RECURSION = YES;
				CLANG_WARN_INT_CONVERSION = YES;
				CLANG_WARN_NON_LITERAL_NULL_CONVERSION = YES;
				CLANG_WARN_OBJC_IMPLICIT_RETAIN_SELF = YES;
				CLANG_WARN_OBJC_LITERAL_CONVERSION = YES;
				CLANG_WARN_OBJC_ROOT_CLASS = YES_ERROR;
				CLANG_WARN_RANGE_LOOP_ANALYSIS = YES;
				CLANG_WARN_STRICT_PROTOTYPES = YES;
				CLANG_WARN_SUSPICIOUS_MOVE = YES;
				CLANG_WARN_UNGUARDED_AVAILABILITY = YES_AGGRESSIVE;
				CLANG_WARN_UNREACHABLE_CODE = YES;
				CLANG_WARN__DUPLICATE_METHOD_MATCH = YES;
				COPY_PHASE_STRIP = NO;
				DEBUG_INFORMATION_FORMAT = "dwarf-with-dsym";
				ENABLE_NS_ASSERTIONS = NO;
				ENABLE_STRICT_OBJC_MSGSEND = YES;
				GCC_C_LANGUAGE_STANDARD = gnu11;
				GCC_NO_COMMON_BLOCKS = YES;
				GCC_WARN_64_TO_32_BIT_CONVERSION = YES;
				GCC_WARN_ABOUT_RETURN_TYPE = YES_ERROR;
				GCC_WARN_UNDECLARED_SELECTOR = YES;
				GCC_WARN_UNINITIALIZED_AUTOS = YES_AGGRESSIVE;
				GCC_WARN_UNUSED_FUNCTION = YES;
				GCC_WARN_UNUSED_VARIABLE = YES;
				IPHONEOS_DEPLOYMENT_TARGET = 13.2;
				MTL_ENABLE_DEBUG_INFO = NO;
				MTL_FAST_MATH = YES;
				SDKROOT = iphoneos;
				SWIFT_COMPILATION_MODE = wholemodule;
				SWIFT_OPTIMIZATION_LEVEL = "-O";
				VALIDATE_PRODUCT = YES;
			};
			name = Release;
		};
		E8ACA3DD24CDE70C00F1B11D /* Debug */ = {
			isa = XCBuildConfiguration;
			buildSettings = {
				ASSETCATALOG_COMPILER_APPICON_NAME = AppIcon;
				CODE_SIGN_STYLE = Automatic;
				INFOPLIST_FILE = "Patricia-Lavadia_COMP2125-004_Final-Term/Info.plist";
				LD_RUNPATH_SEARCH_PATHS = (
					"$(inherited)",
					"@executable_path/Frameworks",
				);
				PRODUCT_BUNDLE_IDENTIFIER = "Georgian-College.Patricia-Lavadia-COMP2125-004-Final-Term";
				PRODUCT_NAME = "$(TARGET_NAME)";
				SWIFT_VERSION = 5.0;
				TARGETED_DEVICE_FAMILY = "1,2";
			};
			name = Debug;
		};
		E8ACA3DE24CDE70C00F1B11D /* Release */ = {
			isa = XCBuildConfiguration;
			buildSettings = {
				ASSETCATALOG_COMPILER_APPICON_NAME = AppIcon;
				CODE_SIGN_STYLE = Automatic;
				INFOPLIST_FILE = "Patricia-Lavadia_COMP2125-004_Final-Term/Info.plist";
				LD_RUNPATH_SEARCH_PATHS = (
					"$(inherited)",
					"@executable_path/Frameworks",
				);
				PRODUCT_BUNDLE_IDENTIFIER = "Georgian-College.Patricia-Lavadia-COMP2125-004-Final-Term";
				PRODUCT_NAME = "$(TARGET_NAME)";
				SWIFT_VERSION = 5.0;
				TARGETED_DEVICE_FAMILY = "1,2";
			};
			name = Release;
		};
/* End XCBuildConfiguration section */

/* Begin XCConfigurationList section */
		E8ACA3C324CDE70A00F1B11D /* Build configuration list for PBXProject "Patricia-Lavadia_COMP2125-004_Final-Term" */ = {
			isa = XCConfigurationList;
			buildConfigurations = (
				E8ACA3DA24CDE70C00F1B11D /* Debug */,
				E8ACA3DB24CDE70C00F1B11D /* Release */,
			);
			defaultConfigurationIsVisible = 0;
			defaultConfigurationName = Release;
		};
		E8ACA3DC24CDE70C00F1B11D /* Build configuration list for PBXNativeTarget "Patricia-Lavadia_COMP2125-004_Final-Term" */ = {
			isa = XCConfigurationList;
			buildConfigurations = (
				E8ACA3DD24CDE70C00F1B11D /* Debug */,
				E8ACA3DE24CDE70C00F1B11D /* Release */,
			);
			defaultConfigurationIsVisible = 0;
			defaultConfigurationName = Release;
		};
/* End XCConfigurationList section */
	};
	rootObject = E8ACA3C024CDE70A00F1B11D /* Project object */;
}
